// !$*UTF8*$!
{
	archiveVersion = 1;
	classes = {
	};
	objectVersion = 48;
	objects = {

/* Begin PBXBuildFile section */
		A039E166201EE4E400C3EE78 /* AppDelegate.swift in Sources */ = {isa = PBXBuildFile; fileRef = A039E165201EE4E400C3EE78 /* AppDelegate.swift */; };
		A039E168201EE4E400C3EE78 /* ViewController.swift in Sources */ = {isa = PBXBuildFile; fileRef = A039E167201EE4E400C3EE78 /* ViewController.swift */; };
		A039E16B201EE4E400C3EE78 /* Main.storyboard in Resources */ = {isa = PBXBuildFile; fileRef = A039E169201EE4E400C3EE78 /* Main.storyboard */; };
		A039E16D201EE4E400C3EE78 /* Assets.xcassets in Resources */ = {isa = PBXBuildFile; fileRef = A039E16C201EE4E400C3EE78 /* Assets.xcassets */; };
		A039E170201EE4E400C3EE78 /* LaunchScreen.storyboard in Resources */ = {isa = PBXBuildFile; fileRef = A039E16E201EE4E400C3EE78 /* LaunchScreen.storyboard */; };
/* End PBXBuildFile section */

/* Begin PBXFileReference section */
		A039E162201EE4E400C3EE78 /* Auto Layout Calculatior.app */ = {isa = PBXFileReference; explicitFileType = wrapper.application; includeInIndex = 0; path = "Auto Layout Calculatior.app"; sourceTree = BUILT_PRODUCTS_DIR; };
		A039E165201EE4E400C3EE78 /* AppDelegate.swift */ = {isa = PBXFileReference; lastKnownFileType = sourcecode.swift; path = AppDelegate.swift; sourceTree = "<group>"; };
		A039E167201EE4E400C3EE78 /* ViewController.swift */ = {isa = PBXFileReference; lastKnownFileType = sourcecode.swift; path = ViewController.swift; sourceTree = "<group>"; };
		A039E16A201EE4E400C3EE78 /* Base */ = {isa = PBXFileReference; lastKnownFileType = file.storyboard; name = Base; path = Base.lproj/Main.storyboard; sourceTree = "<group>"; };
		A039E16C201EE4E400C3EE78 /* Assets.xcassets */ = {isa = PBXFileReference; lastKnownFileType = folder.assetcatalog; path = Assets.xcassets; sourceTree = "<group>"; };
		A039E16F201EE4E400C3EE78 /* Base */ = {isa = PBXFileReference; lastKnownFileType = file.storyboard; name = Base; path = Base.lproj/LaunchScreen.storyboard; sourceTree = "<group>"; };
		A039E171201EE4E400C3EE78 /* Info.plist */ = {isa = PBXFileReference; lastKnownFileType = text.plist.xml; path = Info.plist; sourceTree = "<group>"; };
/* End PBXFileReference section */

/* Begin PBXFrameworksBuildPhase section */
		A039E15F201EE4E400C3EE78 /* Frameworks */ = {
			isa = PBXFrameworksBuildPhase;
			buildActionMask = 2147483647;
			files = (
			);
			runOnlyForDeploymentPostprocessing = 0;
		};
/* End PBXFrameworksBuildPhase section */

/* Begin PBXGroup section */
		A039E159201EE4E400C3EE78 = {
			isa = PBXGroup;
			children = (
				A039E164201EE4E400C3EE78 /* Auto Layout Calculatior */,
				A039E163201EE4E400C3EE78 /* Products */,
			);
			sourceTree = "<group>";
		};
		A039E163201EE4E400C3EE78 /* Products */ = {
			isa = PBXGroup;
			children = (
				A039E162201EE4E400C3EE78 /* Auto Layout Calculatior.app */,
			);
			name = Products;
			sourceTree = "<group>";
		};
		A039E164201EE4E400C3EE78 /* Auto Layout Calculatior */ = {
			isa = PBXGroup;
			children = (
				A039E165201EE4E400C3EE78 /* AppDelegate.swift */,
				A039E167201EE4E400C3EE78 /* ViewController.swift */,
				A039E169201EE4E400C3EE78 /* Main.storyboard */,
				A039E16C201EE4E400C3EE78 /* Assets.xcassets */,
				A039E16E201EE4E400C3EE78 /* LaunchScreen.storyboard */,
				A039E171201EE4E400C3EE78 /* Info.plist */,
			);
			path = "Auto Layout Calculatior";
			sourceTree = "<group>";
		};
/* End PBXGroup section */

/* Begin PBXNativeTarget section */
		A039E161201EE4E400C3EE78 /* Auto Layout Calculatior */ = {
			isa = PBXNativeTarget;
			buildConfigurationList = A039E174201EE4E400C3EE78 /* Build configuration list for PBXNativeTarget "Auto Layout Calculatior" */;
			buildPhases = (
				A039E15E201EE4E400C3EE78 /* Sources */,
				A039E15F201EE4E400C3EE78 /* Frameworks */,
				A039E160201EE4E400C3EE78 /* Resources */,
			);
			buildRules = (
			);
			dependencies = (
			);
			name = "Auto Layout Calculatior";
			productName = "Auto Layout Calculatior";
			productReference = A039E162201EE4E400C3EE78 /* Auto Layout Calculatior.app */;
			productType = "com.apple.product-type.application";
		};
/* End PBXNativeTarget section */

/* Begin PBXProject section */
		A039E15A201EE4E400C3EE78 /* Project object */ = {
			isa = PBXProject;
			attributes = {
				LastSwiftUpdateCheck = 0920;
				LastUpgradeCheck = 0920;
				ORGANIZATIONNAME = "Eduardo  Velez";
				TargetAttributes = {
					A039E161201EE4E400C3EE78 = {
						CreatedOnToolsVersion = 9.2;
						ProvisioningStyle = Automatic;
					};
				};
			};
			buildConfigurationList = A039E15D201EE4E400C3EE78 /* Build configuration list for PBXProject "Auto Layout Calculatior" */;
			compatibilityVersion = "Xcode 8.0";
			developmentRegion = en;
			hasScannedForEncodings = 0;
			knownRegions = (
				en,
				Base,
			);
			mainGroup = A039E159201EE4E400C3EE78;
			productRefGroup = A039E163201EE4E400C3EE78 /* Products */;
			projectDirPath = "";
			projectRoot = "";
			targets = (
				A039E161201EE4E400C3EE78 /* Auto Layout Calculatior */,
			);
		};
/* End PBXProject section */

/* Begin PBXResourcesBuildPhase section */
		A039E160201EE4E400C3EE78 /* Resources */ = {
			isa = PBXResourcesBuildPhase;
			buildActionMask = 2147483647;
			files = (
				A039E170201EE4E400C3EE78 /* LaunchScreen.storyboard in Resources */,
				A039E16D201EE4E400C3EE78 /* Assets.xcassets in Resources */,
				A039E16B201EE4E400C3EE78 /* Main.storyboard in Resources */,
			);
			runOnlyForDeploymentPostprocessing = 0;
		};
/* End PBXResourcesBuildPhase section */

/* Begin PBXSourcesBuildPhase section */
		A039E15E201EE4E400C3EE78 /* Sources */ = {
			isa = PBXSourcesBuildPhase;
			buildActionMask = 2147483647;
			files = (
				A039E168201EE4E400C3EE78 /* ViewController.swift in Sources */,
				A039E166201EE4E400C3EE78 /* AppDelegate.swift in Sources */,
			);
			runOnlyForDeploymentPostprocessing = 0;
		};
/* End PBXSourcesBuildPhase section */

/* Begin PBXVariantGroup section */
		A039E169201EE4E400C3EE78 /* Main.storyboard */ = {
			isa = PBXVariantGroup;
			children = (
				A039E16A201EE4E400C3EE78 /* Base */,
			);
			name = Main.storyboard;
			sourceTree = "<group>";
		};
		A039E16E201EE4E400C3EE78 /* LaunchScreen.storyboard */ = {
			isa = PBXVariantGroup;
			children = (
				A039E16F201EE4E400C3EE78 /* Base */,
			);
			name = LaunchScreen.storyboard;
			sourceTree = "<group>";
		};
/* End PBXVariantGroup section */

/* Begin XCBuildConfiguration section */
		A039E172201EE4E400C3EE78 /* Debug */ = {
			isa = XCBuildConfiguration;
			buildSettings = {
				ALWAYS_SEARCH_USER_PATHS = NO;
				CLANG_ANALYZER_NONNULL = YES;
				CLANG_ANALYZER_NUMBER_OBJECT_CONVERSION = YES_AGGRESSIVE;
				CLANG_CXX_LANGUAGE_STANDARD = "gnu++14";
				CLANG_CXX_LIBRARY = "libc++";
				CLANG_ENABLE_MODULES = YES;
				CLANG_ENABLE_OBJC_ARC = YES;
				CLANG_WARN_BLOCK_CAPTURE_AUTORELEASING = YES;
				CLANG_WARN_BOOL_CONVERSION = YES;
				CLANG_WARN_COMMA = YES;
				CLANG_WARN_CONSTANT_CONVERSION = YES;
				CLANG_WARN_DIRECT_OBJC_ISA_USAGE = YES_ERROR;
				CLANG_WARN_DOCUMENTATION_COMMENTS = YES;
				CLANG_WARN_EMPTY_BODY = YES;
				CLANG_WARN_ENUM_CONVERSION = YES;
				CLANG_WARN_INFINITE_RECURSION = YES;
				CLANG_WARN_INT_CONVERSION = YES;
				CLANG_WARN_NON_LITERAL_NULL_CONVERSION = YES;
				CLANG_WARN_OBJC_LITERAL_CONVERSION = YES;
				CLANG_WARN_OBJC_ROOT_CLASS = YES_ERROR;
				CLANG_WARN_RANGE_LOOP_ANALYSIS = YES;
				CLANG_WARN_STRICT_PROTOTYPES = YES;
				CLANG_WARN_SUSPICIOUS_MOVE = YES;
				CLANG_WARN_UNGUARDED_AVAILABILITY = YES_AGGRESSIVE;
				CLANG_WARN_UNREACHABLE_CODE = YES;
				CLANG_WARN__DUPLICATE_METHOD_MATCH = YES;
				CODE_SIGN_IDENTITY = "iPhone Developer";
				COPY_PHASE_STRIP = NO;
				DEBUG_INFORMATION_FORMAT = dwarf;
				ENABLE_STRICT_OBJC_MSGSEND = YES;
				ENABLE_TESTABILITY = YES;
				GCC_C_LANGUAGE_STANDARD = gnu11;
				GCC_DYNAMIC_NO_PIC = NO;
				GCC_NO_COMMON_BLOCKS = YES;
				GCC_OPTIMIZATION_LEVEL = 0;
				GCC_PREPROCESSOR_DEFINITIONS = (
					"DEBUG=1",
					"$(inherited)",
				);
				GCC_WARN_64_TO_32_BIT_CONVERSION = YES;
				GCC_WARN_ABOUT_RETURN_TYPE = YES_ERROR;
				GCC_WARN_UNDECLARED_SELECTOR = YES;
				GCC_WARN_UNINITIALIZED_AUTOS = YES_AGGRESSIVE;
				GCC_WARN_UNUSED_FUNCTION = YES;
				GCC_WARN_UNUSED_VARIABLE = YES;
				IPHONEOS_DEPLOYMENT_TARGET = 11.2;
				MTL_ENABLE_DEBUG_INFO = YES;
				ONLY_ACTIVE_ARCH = YES;
				SDKROOT = iphoneos;
				SWIFT_ACTIVE_COMPILATION_CONDITIONS = DEBUG;
				SWIFT_OPTIMIZATION_LEVEL = "-Onone";
			};
			name = Debug;
		};
		A039E173201EE4E400C3EE78 /* Release */ = {
			isa = XCBuildConfiguration;
			buildSettings = {
				ALWAYS_SEARCH_USER_PATHS = NO;
				CLANG_ANALYZER_NONNULL = YES;
				CLANG_ANALYZER_NUMBER_OBJECT_CONVERSION = YES_AGGRESSIVE;
				CLANG_CXX_LANGUAGE_STANDARD = "gnu++14";
				CLANG_CXX_LIBRARY = "libc++";
				CLANG_ENABLE_MODULES = YES;
				CLANG_ENABLE_OBJC_ARC = YES;
				CLANG_WARN_BLOCK_CAPTURE_AUTORELEASING = YES;
				CLANG_WARN_BOOL_CONVERSION = YES;
				CLANG_WARN_COMMA = YES;
				CLANG_WARN_CONSTANT_CONVERSION = YES;
				CLANG_WARN_DIRECT_OBJC_ISA_USAGE = YES_ERROR;
				CLANG_WARN_DOCUMENTATION_COMMENTS = YES;
				CLANG_WARN_EMPTY_BODY = YES;
				CLANG_WARN_ENUM_CONVERSION = YES;
				CLANG_WARN_INFINITE_RECURSION = YES;
				CLANG_WARN_INT_CONVERSION = YES;
				CLANG_WARN_NON_LITERAL_NULL_CONVERSION = YES;
				CLANG_WARN_OBJC_LITERAL_CONVERSION = YES;
				CLANG_WARN_OBJC_ROOT_CLASS = YES_ERROR;
				CLANG_WARN_RANGE_LOOP_ANALYSIS = YES;
				CLANG_WARN_STRICT_PROTOTYPES = YES;
				CLANG_WARN_SUSPICIOUS_MOVE = YES;
				CLANG_WARN_UNGUARDED_AVAILABILITY = YES_AGGRESSIVE;
				CLANG_WARN_UNREACHABLE_CODE = YES;
				CLANG_WARN__DUPLICATE_METHOD_MATCH = YES;
				CODE_SIGN_IDENTITY = "iPhone Developer";
				COPY_PHASE_STRIP = NO;
				DEBUG_INFORMATION_FORMAT = "dwarf-with-dsym";
				ENABLE_NS_ASSERTIONS = NO;
				ENABLE_STRICT_OBJC_MSGSEND = YES;
				GCC_C_LANGUAGE_STANDARD = gnu11;
				GCC_NO_COMMON_BLOCKS = YES;
				GCC_WARN_64_TO_32_BIT_CONVERSION = YES;
				GCC_WARN_ABOUT_RETURN_TYPE = YES_ERROR;
				GCC_WARN_UNDECLARED_SELECTOR = YES;
				GCC_WARN_UNINITIALIZED_AUTOS = YES_AGGRESSIVE;
				GCC_WARN_UNUSED_FUNCTION = YES;
				GCC_WARN_UNUSED_VARIABLE = YES;
				IPHONEOS_DEPLOYMENT_TARGET = 11.2;
				MTL_ENABLE_DEBUG_INFO = NO;
				SDKROOT = iphoneos;
				SWIFT_OPTIMIZATION_LEVEL = "-Owholemodule";
				VALIDATE_PRODUCT = YES;
			};
			name = Release;
		};
		A039E175201EE4E400C3EE78 /* Debug */ = {
			isa = XCBuildConfiguration;
			buildSettings = {
				ASSETCATALOG_COMPILER_APPICON_NAME = AppIcon;
				CODE_SIGN_STYLE = Automatic;
				DEVELOPMENT_TEAM = 2S25F9H28M;
				INFOPLIST_FILE = "Auto Layout Calculatior/Info.plist";
				LD_RUNPATH_SEARCH_PATHS = "$(inherited) @executable_path/Frameworks";
				PRODUCT_BUNDLE_IDENTIFIER = "com.edu.Auto-Layout-Calculatior";
				PRODUCT_NAME = "$(TARGET_NAME)";
				SWIFT_VERSION = 4.0;
				TARGETED_DEVICE_FAMILY = "1,2";
			};
			name = Debug;
		};
		A039E176201EE4E400C3EE78 /* Release */ = {
			isa = XCBuildConfiguration;
			buildSettings = {
				ASSETCATALOG_COMPILER_APPICON_NAME = AppIcon;
				CODE_SIGN_STYLE = Automatic;
				DEVELOPMENT_TEAM = 2S25F9H28M;
				INFOPLIST_FILE = "Auto Layout Calculatior/Info.plist";
				LD_RUNPATH_SEARCH_PATHS = "$(inherited) @executable_path/Frameworks";
				PRODUCT_BUNDLE_IDENTIFIER = "com.edu.Auto-Layout-Calculatior";
				PRODUCT_NAME = "$(TARGET_NAME)";
				SWIFT_VERSION = 4.0;
				TARGETED_DEVICE_FAMILY = "1,2";
			};
			name = Release;
		};
/* End XCBuildConfiguration section */

/* Begin XCConfigurationList section */
		A039E15D201EE4E400C3EE78 /* Build configuration list for PBXProject "Auto Layout Calculatior" */ = {
			isa = XCConfigurationList;
			buildConfigurations = (
				A039E172201EE4E400C3EE78 /* Debug */,
				A039E173201EE4E400C3EE78 /* Release */,
			);
			defaultConfigurationIsVisible = 0;
			defaultConfigurationName = Release;
		};
		A039E174201EE4E400C3EE78 /* Build configuration list for PBXNativeTarget "Auto Layout Calculatior" */ = {
			isa = XCConfigurationList;
			buildConfigurations = (
				A039E175201EE4E400C3EE78 /* Debug */,
				A039E176201EE4E400C3EE78 /* Release */,
			);
			defaultConfigurationIsVisible = 0;
			defaultConfigurationName = Release;
		};
/* End XCConfigurationList section */
	};
	rootObject = A039E15A201EE4E400C3EE78 /* Project object */;
}
